{
  "version": 2,
  "dependencies": {
    "net10.0-android1.0": {
      "ArcForges.Contracts.Events": {
        "type": "Direct",
        "requested": "[1.0.0-ci.350.1, )",
        "resolved": "1.0.0-ci.350.1",
        "contentHash": "kFkHrU2J7nFMn6PhNM18OEtbXMWWB0MU+/628Vlh/SdTKP11Mc0Id9dbuRDHCbLd0ZqQCtAH233bpE73ICqbsQ==",
        "dependencies": {
          "ArcForges.Contracts.Foundation": "1.0.0-ci.350.1",
          "ArcForges.Contracts.PublicApi": "1.0.0-ci.350.1",
          "Google.Protobuf": "3.36.1",
          "Grpc.Core.Api": "2.84.0"
        }
      },
      "ArcForges.Contracts.PublicApi": {
        "type": "Direct",
        "requested": "[1.0.0-ci.350.1, )",
        "resolved": "1.0.0-ci.350.1",
        "contentHash": "oFFsXFCJdcfcNAO6ySzGABDHkMu7/NNAD8b9Nm6V97yHZ6Ug1XKEqbFnSZSwDSAkK4TP/d+hTw81XIGj7k+Lkg==",
        "dependencies": {
          "ArcForges.Contracts.Foundation": "1.0.0-ci.350.1",
          "Google.Protobuf": "3.36.1",
          "Grpc.Core.Api": "2.84.0"
        }
      },
      "Grpc.Net.Client": {
        "type": "Direct",
        "requested": "[2.84.0, )",
        "resolved": "2.84.0",
        "contentHash": "My6Fms2YCyAbihTBZZ3kLS39iTY2pkMAzGDBTC6XhPOujg70eB07AEJ7tPiW3tZ70bhFzHcc3+d4j3DaIPF3aA==",
        "dependencies": {
          "Grpc.Net.Common": "2.84.0",
          "Microsoft.Extensions.Logging.Abstractions": "8.0.1"
        }
      },
      "Grpc.Net.Client.Web": {
        "type": "Direct",
        "requested": "[2.84.0, )",
        "resolved": "2.84.0",
        "contentHash": "6KB6IFGx+KfGMaN06nATBVgvgsOEVf12/nJHvdAPsY2mULmWCSn4moFUT8UnCnQ19C3tpGbc2CnB1/e0hVUmaA=="
      },
      "ArcForges.Contracts.Foundation": {
        "type": "Transitive",
        "resolved": "1.0.0-ci.350.1",
        "contentHash": "/+3FP6Ys+LTJ+FlsCndfdWd1dle0ZF4H6aBcSUnbBG1vYBUamo/+xf7NY8t0hLrBoPWI4d1fArxKSrcG4TvOMg==",
        "dependencies": {
          "Google.Protobuf": "3.36.1"
        }
      },
      "Google.Protobuf": {
        "type": "Transitive",
        "resolved": "3.36.1",
        "contentHash": "77AqPEoaY1ODE+syYBHti0jXiwQq0J/fUr/fRyYhNlc9oKtH5dZZEr/OLKtdKNVG83PRnCYB2r8B80ZrObzOGQ=="
      },
      "Grpc.Core.Api": {
        "type": "Transitive",
        "resolved": "2.84.0",
        "contentHash": "p2SOMl6q/GZ4/5MLkgboC/z55g4zKUEruRn/g46QgppjQBVnsLZVBU/9VO7n60ll38G3Eo8Zu9b7x+W01GKFVg=="
      },
      "Grpc.Net.Common": {
        "type": "Transitive",
        "resolved": "2.84.0",
        "contentHash": "DPxm/H8G/lDRrz997wM0M2zN/PGqVeZKDakhBbtABEbv6WIW4HI9g3BvntBQT6ZUROuGacMzfyyF9e5kiTVFfQ==",
        "dependencies": {
          "Grpc.Core.Api": "2.84.0"
        }
      },
      "Microsoft.Extensions.DependencyInjection.Abstractions": {
        "type": "Transitive",
        "resolved": "8.0.1",
        "contentHash": "fGLiCRLMYd00JYpClraLjJTNKLmMJPnqxMaiRzEBIIvevlzxz33mXy39Lkd48hu1G+N21S7QpaO5ZzKsI6FRuA=="
      },
      "Microsoft.Extensions.Logging.Abstractions": {
        "type": "Transitive",
        "resolved": "8.0.1",
        "contentHash": "RIFgaqoaINxkM2KTOw72dmilDmTrYA0ns2KW4lDz4gZ2+o6IQ894CzmdL3StM2oh7QQq44nCWiqKqc4qUI9Jmg==",
        "dependencies": {
          "Microsoft.Extensions.DependencyInjection.Abstractions": "8.0.1"
        }
      }
    }
  }
}